
Microsoft Visual Studio Solution File, Format Version 12.00
# Visual Studio Version 17
VisualStudioVersion = 17.9.34321.82
MinimumVisualStudioVersion = 10.0.40219.1
Project("{9A19103F-16F7-4668-BE54-9A1E7A4F7556}") = "1-NewCSharpFeatures", "NewCSharpFeatures\1-NewCSharpFeatures.csproj", "{106D2866-945D-4FA2-9117-FF497744707A}"
EndProject
Project("{9A19103F-16F7-4668-BE54-9A1E7A4F7556}") = "2-Blazor", "2-Blazor\2-Blazor.csproj", "{1BF9FF23-3379-4FE9-A266-3CAA0DFBF438}"
EndProject
Project("{9A19103F-16F7-4668-BE54-9A1E7A4F7556}") = "3-Blazor-ServerInteractive", "3-Blazor-ServerInteractive\3-Blazor-ServerInteractive.csproj", "{94DE3226-F1D1-481C-9090-65EA2B2CE4C8}"
EndProject
Project("{2150E333-8FDC-42A3-9474-1A3956D46DE8}") = "4-Blazor-WasmInteractive", "4-Blazor-WasmInteractive", "{7DEF33C8-78B1-4741-8C0D-FDB472EA7909}"
EndProject
Project("{9A19103F-16F7-4668-BE54-9A1E7A4F7556}") = "4-BlazorWasm", "4-BlazorWasm\4-BlazorWasm\4-BlazorWasm.csproj", "{151D4A49-F90D-4D92-8A22-E6EF9C51DEF6}"
EndProject
Project("{9A19103F-16F7-4668-BE54-9A1E7A4F7556}") = "4-BlazorWasm.Client", "4-BlazorWasm\4-BlazorWasm.Client\4-BlazorWasm.Client.csproj", "{848AE461-AFE9-47B2-B57E-11D997C75D71}"
EndProject
Project("{2150E333-8FDC-42A3-9474-1A3956D46DE8}") = "5-Blazor-Auto", "5-Blazor-Auto", "{BD823C9E-DD8A-48DD-B7F2-9E6BBBCB35A8}"
EndProject
Project("{9A19103F-16F7-4668-BE54-9A1E7A4F7556}") = "5-BlazorAuto", "5-BlazorAuto\5-BlazorAuto\5-BlazorAuto.csproj", "{47DA020F-065B-41F3-A17C-BA04E9951D96}"
EndProject
Project("{9A19103F-16F7-4668-BE54-9A1E7A4F7556}") = "5-BlazorAuto.Client", "5-BlazorAuto\5-BlazorAuto.Client\5-BlazorAuto.Client.csproj", "{310F65CB-8066-4B98-9EB4-C71202E1399B}"
EndProject
Project("{2150E333-8FDC-42A3-9474-1A3956D46DE8}") = "1-CSharpFeatures", "1-CSharpFeatures", "{6F57A3FF-AACD-4C12-A1AE-6A52BA385A1E}"
EndProject
Project("{2150E333-8FDC-42A3-9474-1A3956D46DE8}") = "2-Blazor-SSR", "2-Blazor-SSR", "{28CBEB67-2BBE-45E7-8B10-6B2C3D380957}"
EndProject
Project("{2150E333-8FDC-42A3-9474-1A3956D46DE8}") = "3-Blazor-Server", "3-Blazor-Server", "{55912526-3FEA-4434-B2DE-E191ED162505}"
EndProject
Project("{2150E333-8FDC-42A3-9474-1A3956D46DE8}") = "6-Aspire", "6-Aspire", "{C6753F3F-09A7-46B1-A2ED-B99A231B3DF7}"
EndProject
Project("{9A19103F-16F7-4668-BE54-9A1E7A4F7556}") = "MyFirstAspireApp.AppHost", "MyFirstAspireApp\MyFirstAspireApp.AppHost\MyFirstAspireApp.AppHost.csproj", "{886087F9-1C0B-4433-8B09-E5843421F31B}"
EndProject
Project("{9A19103F-16F7-4668-BE54-9A1E7A4F7556}") = "MyFirstAspireApp.ServiceDefaults", "MyFirstAspireApp\MyFirstAspireApp.ServiceDefaults\MyFirstAspireApp.ServiceDefaults.csproj", "{F265F966-0689-4B00-9578-38F36683E018}"
EndProject
Project("{9A19103F-16F7-4668-BE54-9A1E7A4F7556}") = "MyFirstAspireApp.ApiService", "MyFirstAspireApp\MyFirstAspireApp.ApiService\MyFirstAspireApp.ApiService.csproj", "{9E1C3E06-3A18-440F-970C-E3F4E8419D9D}"
EndProject
Project("{9A19103F-16F7-4668-BE54-9A1E7A4F7556}") = "MyFirstAspireApp.Web", "MyFirstAspireApp\MyFirstAspireApp.Web\MyFirstAspireApp.Web.csproj", "{29EE2AF9-DBF6-491C-9544-7C998AE804EE}"
EndProject
Project("{FAE04EC0-301F-11D3-BF4B-00C04F79EFBC}") = "BlazorApp1", "BlazorApp1\BlazorApp1.csproj", "{2632B8FB-9506-44EB-8910-9C3C7F3BFDD3}"
EndProject
Project("{FAE04EC0-301F-11D3-BF4B-00C04F79EFBC}") = "BlazorApp2", "BlazorApp2\BlazorApp2\BlazorApp2.csproj", "{C2FD21A7-E0D5-475C-BA99-0F39700C66B4}"
EndProject
Project("{FAE04EC0-301F-11D3-BF4B-00C04F79EFBC}") = "BlazorApp2.Client", "BlazorApp2\BlazorApp2.Client\BlazorApp2.Client.csproj", "{B4AD0EC3-8F6A-484C-9FD9-1D83C7ADF15F}"
EndProject
Global
	GlobalSection(SolutionConfigurationPlatforms) = preSolution
		Debug|Any CPU = Debug|Any CPU
		Release|Any CPU = Release|Any CPU
	EndGlobalSection
	GlobalSection(ProjectConfigurationPlatforms) = postSolution
		{106D2866-945D-4FA2-9117-FF497744707A}.Debug|Any CPU.ActiveCfg = Debug|Any CPU
		{106D2866-945D-4FA2-9117-FF497744707A}.Debug|Any CPU.Build.0 = Debug|Any CPU
		{106D2866-945D-4FA2-9117-FF497744707A}.Release|Any CPU.ActiveCfg = Release|Any CPU
		{106D2866-945D-4FA2-9117-FF497744707A}.Release|Any CPU.Build.0 = Release|Any CPU
		{1BF9FF23-3379-4FE9-A266-3CAA0DFBF438}.Debug|Any CPU.ActiveCfg = Debug|Any CPU
		{1BF9FF23-3379-4FE9-A266-3CAA0DFBF438}.Debug|Any CPU.Build.0 = Debug|Any CPU
		{1BF9FF23-3379-4FE9-A266-3CAA0DFBF438}.Release|Any CPU.ActiveCfg = Release|Any CPU
		{1BF9FF23-3379-4FE9-A266-3CAA0DFBF438}.Release|Any CPU.Build.0 = Release|Any CPU
		{94DE3226-F1D1-481C-9090-65EA2B2CE4C8}.Debug|Any CPU.ActiveCfg = Debug|Any CPU
		{94DE3226-F1D1-481C-9090-65EA2B2CE4C8}.Debug|Any CPU.Build.0 = Debug|Any CPU
		{94DE3226-F1D1-481C-9090-65EA2B2CE4C8}.Release|Any CPU.ActiveCfg = Release|Any CPU
		{94DE3226-F1D1-481C-9090-65EA2B2CE4C8}.Release|Any CPU.Build.0 = Release|Any CPU
		{151D4A49-F90D-4D92-8A22-E6EF9C51DEF6}.Debug|Any CPU.ActiveCfg = Debug|Any CPU
		{151D4A49-F90D-4D92-8A22-E6EF9C51DEF6}.Debug|Any CPU.Build.0 = Debug|Any CPU
		{151D4A49-F90D-4D92-8A22-E6EF9C51DEF6}.Release|Any CPU.ActiveCfg = Release|Any CPU
		{151D4A49-F90D-4D92-8A22-E6EF9C51DEF6}.Release|Any CPU.Build.0 = Release|Any CPU
		{848AE461-AFE9-47B2-B57E-11D997C75D71}.Debug|Any CPU.ActiveCfg = Debug|Any CPU
		{848AE461-AFE9-47B2-B57E-11D997C75D71}.Debug|Any CPU.Build.0 = Debug|Any CPU
		{848AE461-AFE9-47B2-B57E-11D997C75D71}.Release|Any CPU.ActiveCfg = Release|Any CPU
		{848AE461-AFE9-47B2-B57E-11D997C75D71}.Release|Any CPU.Build.0 = Release|Any CPU
		{47DA020F-065B-41F3-A17C-BA04E9951D96}.Debug|Any CPU.ActiveCfg = Debug|Any CPU
		{47DA020F-065B-41F3-A17C-BA04E9951D96}.Debug|Any CPU.Build.0 = Debug|Any CPU
		{47DA020F-065B-41F3-A17C-BA04E9951D96}.Release|Any CPU.ActiveCfg = Release|Any CPU
		{47DA020F-065B-41F3-A17C-BA04E9951D96}.Release|Any CPU.Build.0 = Release|Any CPU
		{310F65CB-8066-4B98-9EB4-C71202E1399B}.Debug|Any CPU.ActiveCfg = Debug|Any CPU
		{310F65CB-8066-4B98-9EB4-C71202E1399B}.Debug|Any CPU.Build.0 = Debug|Any CPU
		{310F65CB-8066-4B98-9EB4-C71202E1399B}.Release|Any CPU.ActiveCfg = Release|Any CPU
		{310F65CB-8066-4B98-9EB4-C71202E1399B}.Release|Any CPU.Build.0 = Release|Any CPU
		{886087F9-1C0B-4433-8B09-E5843421F31B}.Debug|Any CPU.ActiveCfg = Debug|Any CPU
		{886087F9-1C0B-4433-8B09-E5843421F31B}.Debug|Any CPU.Build.0 = Debug|Any CPU
		{886087F9-1C0B-4433-8B09-E5843421F31B}.Release|Any CPU.ActiveCfg = Release|Any CPU
		{886087F9-1C0B-4433-8B09-E5843421F31B}.Release|Any CPU.Build.0 = Release|Any CPU
		{F265F966-0689-4B00-9578-38F36683E018}.Debug|Any CPU.ActiveCfg = Debug|Any CPU
		{F265F966-0689-4B00-9578-38F36683E018}.Debug|Any CPU.Build.0 = Debug|Any CPU
		{F265F966-0689-4B00-9578-38F36683E018}.Release|Any CPU.ActiveCfg = Release|Any CPU
		{F265F966-0689-4B00-9578-38F36683E018}.Release|Any CPU.Build.0 = Release|Any CPU
		{9E1C3E06-3A18-440F-970C-E3F4E8419D9D}.Debug|Any CPU.ActiveCfg = Debug|Any CPU
		{9E1C3E06-3A18-440F-970C-E3F4E8419D9D}.Debug|Any CPU.Build.0 = Debug|Any CPU
		{9E1C3E06-3A18-440F-970C-E3F4E8419D9D}.Release|Any CPU.ActiveCfg = Release|Any CPU
		{9E1C3E06-3A18-440F-970C-E3F4E8419D9D}.Release|Any CPU.Build.0 = Release|Any CPU
		{29EE2AF9-DBF6-491C-9544-7C998AE804EE}.Debug|Any CPU.ActiveCfg = Debug|Any CPU
		{29EE2AF9-DBF6-491C-9544-7C998AE804EE}.Debug|Any CPU.Build.0 = Debug|Any CPU
		{29EE2AF9-DBF6-491C-9544-7C998AE804EE}.Release|Any CPU.ActiveCfg = Release|Any CPU
		{29EE2AF9-DBF6-491C-9544-7C998AE804EE}.Release|Any CPU.Build.0 = Release|Any CPU
		{2632B8FB-9506-44EB-8910-9C3C7F3BFDD3}.Debug|Any CPU.ActiveCfg = Debug|Any CPU
		{2632B8FB-9506-44EB-8910-9C3C7F3BFDD3}.Debug|Any CPU.Build.0 = Debug|Any CPU
		{2632B8FB-9506-44EB-8910-9C3C7F3BFDD3}.Release|Any CPU.ActiveCfg = Release|Any CPU
		{2632B8FB-9506-44EB-8910-9C3C7F3BFDD3}.Release|Any CPU.Build.0 = Release|Any CPU
		{C2FD21A7-E0D5-475C-BA99-0F39700C66B4}.Debug|Any CPU.ActiveCfg = Debug|Any CPU
		{C2FD21A7-E0D5-475C-BA99-0F39700C66B4}.Debug|Any CPU.Build.0 = Debug|Any CPU
		{C2FD21A7-E0D5-475C-BA99-0F39700C66B4}.Release|Any CPU.ActiveCfg = Release|Any CPU
		{C2FD21A7-E0D5-475C-BA99-0F39700C66B4}.Release|Any CPU.Build.0 = Release|Any CPU
		{B4AD0EC3-8F6A-484C-9FD9-1D83C7ADF15F}.Debug|Any CPU.ActiveCfg = Debug|Any CPU
		{B4AD0EC3-8F6A-484C-9FD9-1D83C7ADF15F}.Debug|Any CPU.Build.0 = Debug|Any CPU
		{B4AD0EC3-8F6A-484C-9FD9-1D83C7ADF15F}.Release|Any CPU.ActiveCfg = Release|Any CPU
		{B4AD0EC3-8F6A-484C-9FD9-1D83C7ADF15F}.Release|Any CPU.Build.0 = Release|Any CPU
	EndGlobalSection
	GlobalSection(SolutionProperties) = preSolution
		HideSolutionNode = FALSE
	EndGlobalSection
	GlobalSection(NestedProjects) = preSolution
		{106D2866-945D-4FA2-9117-FF497744707A} = {6F57A3FF-AACD-4C12-A1AE-6A52BA385A1E}
		{1BF9FF23-3379-4FE9-A266-3CAA0DFBF438} = {28CBEB67-2BBE-45E7-8B10-6B2C3D380957}
		{94DE3226-F1D1-481C-9090-65EA2B2CE4C8} = {55912526-3FEA-4434-B2DE-E191ED162505}
		{151D4A49-F90D-4D92-8A22-E6EF9C51DEF6} = {7DEF33C8-78B1-4741-8C0D-FDB472EA7909}
		{848AE461-AFE9-47B2-B57E-11D997C75D71} = {7DEF33C8-78B1-4741-8C0D-FDB472EA7909}
		{47DA020F-065B-41F3-A17C-BA04E9951D96} = {BD823C9E-DD8A-48DD-B7F2-9E6BBBCB35A8}
		{310F65CB-8066-4B98-9EB4-C71202E1399B} = {BD823C9E-DD8A-48DD-B7F2-9E6BBBCB35A8}
		{886087F9-1C0B-4433-8B09-E5843421F31B} = {C6753F3F-09A7-46B1-A2ED-B99A231B3DF7}
		{F265F966-0689-4B00-9578-38F36683E018} = {C6753F3F-09A7-46B1-A2ED-B99A231B3DF7}
		{9E1C3E06-3A18-440F-970C-E3F4E8419D9D} = {C6753F3F-09A7-46B1-A2ED-B99A231B3DF7}
		{29EE2AF9-DBF6-491C-9544-7C998AE804EE} = {C6753F3F-09A7-46B1-A2ED-B99A231B3DF7}
	EndGlobalSection
	GlobalSection(ExtensibilityGlobals) = postSolution
		SolutionGuid = {6B230B91-D1D6-470E-9B78-0C22BCF01B70}
	EndGlobalSection
EndGlobal
